
Microsoft Visual Studio Solution File, Format Version 12.00
# Visual Studio Version 16
VisualStudioVersion = 16.0.30907.101
MinimumVisualStudioVersion = 10.0.40219.1
Project("{9A19103F-16F7-4668-BE54-9A1E7A4F7556}") = "ContainerVervoer", "ContainerVervoer\ContainerVervoer.csproj", "{E319E098-59EE-4352-8B60-B137CFDCEFD7}"
EndProject
Project("{FAE04EC0-301F-11D3-BF4B-00C04F79EFBC}") = "ContainerVervoerTest", "ContainerVervoerTest\ContainerVervoerTest.csproj", "{1CA9961D-C564-4F7A-8B10-7382A4F178EE}"
EndProject
Global
	GlobalSection(SolutionConfigurationPlatforms) = preSolution
		Debug|Any CPU = Debug|Any CPU
		Release|Any CPU = Release|Any CPU
	EndGlobalSection
	GlobalSection(ProjectConfigurationPlatforms) = postSolution
		{E319E098-59EE-4352-8B60-B137CFDCEFD7}.Debug|Any CPU.ActiveCfg = Debug|Any CPU
		{E319E098-59EE-4352-8B60-B137CFDCEFD7}.Debug|Any CPU.Build.0 = Debug|Any CPU
		{E319E098-59EE-4352-8B60-B137CFDCEFD7}.Release|Any CPU.ActiveCfg = Release|Any CPU
		{E319E098-59EE-4352-8B60-B137CFDCEFD7}.Release|Any CPU.Build.0 = Release|Any CPU
		{1CA9961D-C564-4F7A-8B10-7382A4F178EE}.Debug|Any CPU.ActiveCfg = Debug|Any CPU
		{1CA9961D-C564-4F7A-8B10-7382A4F178EE}.Debug|Any CPU.Build.0 = Debug|Any CPU
		{1CA9961D-C564-4F7A-8B10-7382A4F178EE}.Release|Any CPU.ActiveCfg = Release|Any CPU
		{1CA9961D-C564-4F7A-8B10-7382A4F178EE}.Release|Any CPU.Build.0 = Release|Any CPU
	EndGlobalSection
	GlobalSection(SolutionProperties) = preSolution
		HideSolutionNode = FALSE
	EndGlobalSection
	GlobalSection(ExtensibilityGlobals) = postSolution
		SolutionGuid = {9F72EC8A-695C-4187-A85B-62447261A474}
	EndGlobalSection
EndGlobal
